// !$*UTF8*$!
{
	archiveVersion = 1;
	classes = {
	};
	objectVersion = 50;
	objects = {

/* Begin PBXBuildFile section */
		A0CAFD2321055411005BFB0A /* CassiniViewController.swift in Sources */ = {isa = PBXBuildFile; fileRef = A0CAFD2221055411005BFB0A /* CassiniViewController.swift */; };
		A0D16D4021047D4C00159F71 /* AppDelegate.swift in Sources */ = {isa = PBXBuildFile; fileRef = A0D16D3F21047D4C00159F71 /* AppDelegate.swift */; };
		A0D16D4221047D4C00159F71 /* ViewController.swift in Sources */ = {isa = PBXBuildFile; fileRef = A0D16D4121047D4C00159F71 /* ViewController.swift */; };
		A0D16D4521047D4C00159F71 /* Main.storyboard in Resources */ = {isa = PBXBuildFile; fileRef = A0D16D4321047D4C00159F71 /* Main.storyboard */; };
		A0D16D4721047D4D00159F71 /* Assets.xcassets in Resources */ = {isa = PBXBuildFile; fileRef = A0D16D4621047D4D00159F71 /* Assets.xcassets */; };
		A0D16D4A21047D4D00159F71 /* LaunchScreen.storyboard in Resources */ = {isa = PBXBuildFile; fileRef = A0D16D4821047D4D00159F71 /* LaunchScreen.storyboard */; };
		A0D16D522104806F00159F71 /* DemoURLs.swift in Sources */ = {isa = PBXBuildFile; fileRef = A0D16D512104806F00159F71 /* DemoURLs.swift */; };
		A0D16D54210480B300159F71 /* oval.jpg in Resources */ = {isa = PBXBuildFile; fileRef = A0D16D53210480B300159F71 /* oval.jpg */; };
/* End PBXBuildFile section */

/* Begin PBXFileReference section */
		A0CAFD2221055411005BFB0A /* CassiniViewController.swift */ = {isa = PBXFileReference; lastKnownFileType = sourcecode.swift; path = CassiniViewController.swift; sourceTree = "<group>"; };
		A0D16D3C21047D4C00159F71 /* Cassini.app */ = {isa = PBXFileReference; explicitFileType = wrapper.application; includeInIndex = 0; path = Cassini.app; sourceTree = BUILT_PRODUCTS_DIR; };
		A0D16D3F21047D4C00159F71 /* AppDelegate.swift */ = {isa = PBXFileReference; lastKnownFileType = sourcecode.swift; path = AppDelegate.swift; sourceTree = "<group>"; };
		A0D16D4121047D4C00159F71 /* ViewController.swift */ = {isa = PBXFileReference; lastKnownFileType = sourcecode.swift; path = ViewController.swift; sourceTree = "<group>"; };
		A0D16D4421047D4C00159F71 /* Base */ = {isa = PBXFileReference; lastKnownFileType = file.storyboard; name = Base; path = Base.lproj/Main.storyboard; sourceTree = "<group>"; };
		A0D16D4621047D4D00159F71 /* Assets.xcassets */ = {isa = PBXFileReference; lastKnownFileType = folder.assetcatalog; path = Assets.xcassets; sourceTree = "<group>"; };
		A0D16D4921047D4D00159F71 /* Base */ = {isa = PBXFileReference; lastKnownFileType = file.storyboard; name = Base; path = Base.lproj/LaunchScreen.storyboard; sourceTree = "<group>"; };
		A0D16D4B21047D4D00159F71 /* Info.plist */ = {isa = PBXFileReference; lastKnownFileType = text.plist.xml; path = Info.plist; sourceTree = "<group>"; };
		A0D16D512104806F00159F71 /* DemoURLs.swift */ = {isa = PBXFileReference; lastKnownFileType = sourcecode.swift; path = DemoURLs.swift; sourceTree = "<group>"; };
		A0D16D53210480B300159F71 /* oval.jpg */ = {isa = PBXFileReference; lastKnownFileType = image.jpeg; path = oval.jpg; sourceTree = "<group>"; };
/* End PBXFileReference section */

/* Begin PBXFrameworksBuildPhase section */
		A0D16D3921047D4C00159F71 /* Frameworks */ = {
			isa = PBXFrameworksBuildPhase;
			buildActionMask = 2147483647;
			files = (
			);
			runOnlyForDeploymentPostprocessing = 0;
		};
/* End PBXFrameworksBuildPhase section */

/* Begin PBXGroup section */
		A0D16D3321047D4C00159F71 = {
			isa = PBXGroup;
			children = (
				A0D16D3E21047D4C00159F71 /* Cassini */,
				A0D16D3D21047D4C00159F71 /* Products */,
			);
			sourceTree = "<group>";
		};
		A0D16D3D21047D4C00159F71 /* Products */ = {
			isa = PBXGroup;
			children = (
				A0D16D3C21047D4C00159F71 /* Cassini.app */,
			);
			name = Products;
			sourceTree = "<group>";
		};
		A0D16D3E21047D4C00159F71 /* Cassini */ = {
			isa = PBXGroup;
			children = (
				A0D16D3F21047D4C00159F71 /* AppDelegate.swift */,
				A0D16D4121047D4C00159F71 /* ViewController.swift */,
				A0CAFD2221055411005BFB0A /* CassiniViewController.swift */,
				A0D16D512104806F00159F71 /* DemoURLs.swift */,
				A0D16D53210480B300159F71 /* oval.jpg */,
				A0D16D4321047D4C00159F71 /* Main.storyboard */,
				A0D16D4621047D4D00159F71 /* Assets.xcassets */,
				A0D16D4821047D4D00159F71 /* LaunchScreen.storyboard */,
				A0D16D4B21047D4D00159F71 /* Info.plist */,
			);
			path = Cassini;
			sourceTree = "<group>";
		};
/* End PBXGroup section */

/* Begin PBXNativeTarget section */
		A0D16D3B21047D4C00159F71 /* Cassini */ = {
			isa = PBXNativeTarget;
			buildConfigurationList = A0D16D4E21047D4D00159F71 /* Build configuration list for PBXNativeTarget "Cassini" */;
			buildPhases = (
				A0D16D3821047D4C00159F71 /* Sources */,
				A0D16D3921047D4C00159F71 /* Frameworks */,
				A0D16D3A21047D4C00159F71 /* Resources */,
			);
			buildRules = (
			);
			dependencies = (
			);
			name = Cassini;
			productName = Cassini;
			productReference = A0D16D3C21047D4C00159F71 /* Cassini.app */;
			productType = "com.apple.product-type.application";
		};
/* End PBXNativeTarget section */

/* Begin PBXProject section */
		A0D16D3421047D4C00159F71 /* Project object */ = {
			isa = PBXProject;
			attributes = {
				LastSwiftUpdateCheck = 0940;
				LastUpgradeCheck = 0940;
				ORGANIZATIONNAME = "Rongchang Lei";
				TargetAttributes = {
					A0D16D3B21047D4C00159F71 = {
						CreatedOnToolsVersion = 9.4.1;
					};
				};
			};
			buildConfigurationList = A0D16D3721047D4C00159F71 /* Build configuration list for PBXProject "Cassini" */;
			compatibilityVersion = "Xcode 9.3";
			developmentRegion = en;
			hasScannedForEncodings = 0;
			knownRegions = (
				en,
				Base,
			);
			mainGroup = A0D16D3321047D4C00159F71;
			productRefGroup = A0D16D3D21047D4C00159F71 /* Products */;
			projectDirPath = "";
			projectRoot = "";
			targets = (
				A0D16D3B21047D4C00159F71 /* Cassini */,
			);
		};
/* End PBXProject section */

/* Begin PBXResourcesBuildPhase section */
		A0D16D3A21047D4C00159F71 /* Resources */ = {
			isa = PBXResourcesBuildPhase;
			buildActionMask = 2147483647;
			files = (
				A0D16D4A21047D4D00159F71 /* LaunchScreen.storyboard in Resources */,
				A0D16D54210480B300159F71 /* oval.jpg in Resources */,
				A0D16D4721047D4D00159F71 /* Assets.xcassets in Resources */,
				A0D16D4521047D4C00159F71 /* Main.storyboard in Resources */,
			);
			runOnlyForDeploymentPostprocessing = 0;
		};
/* End PBXResourcesBuildPhase section */

/* Begin PBXSourcesBuildPhase section */
		A0D16D3821047D4C00159F71 /* Sources */ = {
			isa = PBXSourcesBuildPhase;
			buildActionMask = 2147483647;
			files = (
				A0D16D4221047D4C00159F71 /* ViewController.swift in Sources */,
				A0D16D4021047D4C00159F71 /* AppDelegate.swift in Sources */,
				A0D16D522104806F00159F71 /* DemoURLs.swift in Sources */,
				A0CAFD2321055411005BFB0A /* CassiniViewController.swift in Sources */,
			);
			runOnlyForDeploymentPostprocessing = 0;
		};
/* End PBXSourcesBuildPhase section */

/* Begin PBXVariantGroup section */
		A0D16D4321047D4C00159F71 /* Main.storyboard */ = {
			isa = PBXVariantGroup;
			children = (
				A0D16D4421047D4C00159F71 /* Base */,
			);
			name = Main.storyboard;
			sourceTree = "<group>";
		};
		A0D16D4821047D4D00159F71 /* LaunchScreen.storyboard */ = {
			isa = PBXVariantGroup;
			children = (
				A0D16D4921047D4D00159F71 /* Base */,
			);
			name = LaunchScreen.storyboard;
			sourceTree = "<group>";
		};
/* End PBXVariantGroup section */

/* Begin XCBuildConfiguration section */
		A0D16D4C21047D4D00159F71 /* Debug */ = {
			isa = XCBuildConfiguration;
			buildSettings = {
				ALWAYS_SEARCH_USER_PATHS = NO;
				CLANG_ANALYZER_NONNULL = YES;
				CLANG_ANALYZER_NUMBER_OBJECT_CONVERSION = YES_AGGRESSIVE;
				CLANG_CXX_LANGUAGE_STANDARD = "gnu++14";
				CLANG_CXX_LIBRARY = "libc++";
				CLANG_ENABLE_MODULES = YES;
				CLANG_ENABLE_OBJC_ARC = YES;
				CLANG_ENABLE_OBJC_WEAK = YES;
				CLANG_WARN_BLOCK_CAPTURE_AUTORELEASING = YES;
				CLANG_WARN_BOOL_CONVERSION = YES;
				CLANG_WARN_COMMA = YES;
				CLANG_WARN_CONSTANT_CONVERSION = YES;
				CLANG_WARN_DEPRECATED_OBJC_IMPLEMENTATIONS = YES;
				CLANG_WARN_DIRECT_OBJC_ISA_USAGE = YES_ERROR;
				CLANG_WARN_DOCUMENTATION_COMMENTS = YES;
				CLANG_WARN_EMPTY_BODY = YES;
				CLANG_WARN_ENUM_CONVERSION = YES;
				CLANG_WARN_INFINITE_RECURSION = YES;
				CLANG_WARN_INT_CONVERSION = YES;
				CLANG_WARN_NON_LITERAL_NULL_CONVERSION = YES;
				CLANG_WARN_OBJC_IMPLICIT_RETAIN_SELF = YES;
				CLANG_WARN_OBJC_LITERAL_CONVERSION = YES;
				CLANG_WARN_OBJC_ROOT_CLASS = YES_ERROR;
				CLANG_WARN_RANGE_LOOP_ANALYSIS = YES;
				CLANG_WARN_STRICT_PROTOTYPES = YES;
				CLANG_WARN_SUSPICIOUS_MOVE = YES;
				CLANG_WARN_UNGUARDED_AVAILABILITY = YES_AGGRESSIVE;
				CLANG_WARN_UNREACHABLE_CODE = YES;
				CLANG_WARN__DUPLICATE_METHOD_MATCH = YES;
				CODE_SIGN_IDENTITY = "iPhone Developer";
				COPY_PHASE_STRIP = NO;
				DEBUG_INFORMATION_FORMAT = dwarf;
				ENABLE_STRICT_OBJC_MSGSEND = YES;
				ENABLE_TESTABILITY = YES;
				GCC_C_LANGUAGE_STANDARD = gnu11;
				GCC_DYNAMIC_NO_PIC = NO;
				GCC_NO_COMMON_BLOCKS = YES;
				GCC_OPTIMIZATION_LEVEL = 0;
				GCC_PREPROCESSOR_DEFINITIONS = (
					"DEBUG=1",
					"$(inherited)",
				);
				GCC_WARN_64_TO_32_BIT_CONVERSION = YES;
				GCC_WARN_ABOUT_RETURN_TYPE = YES_ERROR;
				GCC_WARN_UNDECLARED_SELECTOR = YES;
				GCC_WARN_UNINITIALIZED_AUTOS = YES_AGGRESSIVE;
				GCC_WARN_UNUSED_FUNCTION = YES;
				GCC_WARN_UNUSED_VARIABLE = YES;
				IPHONEOS_DEPLOYMENT_TARGET = 11.4;
				MTL_ENABLE_DEBUG_INFO = YES;
				ONLY_ACTIVE_ARCH = YES;
				SDKROOT = iphoneos;
				SWIFT_ACTIVE_COMPILATION_CONDITIONS = DEBUG;
				SWIFT_OPTIMIZATION_LEVEL = "-Onone";
			};
			name = Debug;
		};
		A0D16D4D21047D4D00159F71 /* Release */ = {
			isa = XCBuildConfiguration;
			buildSettings = {
				ALWAYS_SEARCH_USER_PATHS = NO;
				CLANG_ANALYZER_NONNULL = YES;
				CLANG_ANALYZER_NUMBER_OBJECT_CONVERSION = YES_AGGRESSIVE;
				CLANG_CXX_LANGUAGE_STANDARD = "gnu++14";
				CLANG_CXX_LIBRARY = "libc++";
				CLANG_ENABLE_MODULES = YES;
				CLANG_ENABLE_OBJC_ARC = YES;
				CLANG_ENABLE_OBJC_WEAK = YES;
				CLANG_WARN_BLOCK_CAPTURE_AUTORELEASING = YES;
				CLANG_WARN_BOOL_CONVERSION = YES;
				CLANG_WARN_COMMA = YES;
				CLANG_WARN_CONSTANT_CONVERSION = YES;
				CLANG_WARN_DEPRECATED_OBJC_IMPLEMENTATIONS = YES;
				CLANG_WARN_DIRECT_OBJC_ISA_USAGE = YES_ERROR;
				CLANG_WARN_DOCUMENTATION_COMMENTS = YES;
				CLANG_WARN_EMPTY_BODY = YES;
				CLANG_WARN_ENUM_CONVERSION = YES;
				CLANG_WARN_INFINITE_RECURSION = YES;
				CLANG_WARN_INT_CONVERSION = YES;
				CLANG_WARN_NON_LITERAL_NULL_CONVERSION = YES;
				CLANG_WARN_OBJC_IMPLICIT_RETAIN_SELF = YES;
				CLANG_WARN_OBJC_LITERAL_CONVERSION = YES;
				CLANG_WARN_OBJC_ROOT_CLASS = YES_ERROR;
				CLANG_WARN_RANGE_LOOP_ANALYSIS = YES;
				CLANG_WARN_STRICT_PROTOTYPES = YES;
				CLANG_WARN_SUSPICIOUS_MOVE = YES;
				CLANG_WARN_UNGUARDED_AVAILABILITY = YES_AGGRESSIVE;
				CLANG_WARN_UNREACHABLE_CODE = YES;
				CLANG_WARN__DUPLICATE_METHOD_MATCH = YES;
				CODE_SIGN_IDENTITY = "iPhone Developer";
				COPY_PHASE_STRIP = NO;
				DEBUG_INFORMATION_FORMAT = "dwarf-with-dsym";
				ENABLE_NS_ASSERTIONS = NO;
				ENABLE_STRICT_OBJC_MSGSEND = YES;
				GCC_C_LANGUAGE_STANDARD = gnu11;
				GCC_NO_COMMON_BLOCKS = YES;
				GCC_WARN_64_TO_32_BIT_CONVERSION = YES;
				GCC_WARN_ABOUT_RETURN_TYPE = YES_ERROR;
				GCC_WARN_UNDECLARED_SELECTOR = YES;
				GCC_WARN_UNINITIALIZED_AUTOS = YES_AGGRESSIVE;
				GCC_WARN_UNUSED_FUNCTION = YES;
				GCC_WARN_UNUSED_VARIABLE = YES;
				IPHONEOS_DEPLOYMENT_TARGET = 11.4;
				MTL_ENABLE_DEBUG_INFO = NO;
				SDKROOT = iphoneos;
				SWIFT_COMPILATION_MODE = wholemodule;
				SWIFT_OPTIMIZATION_LEVEL = "-O";
				VALIDATE_PRODUCT = YES;
			};
			name = Release;
		};
		A0D16D4F21047D4D00159F71 /* Debug */ = {
			isa = XCBuildConfiguration;
			buildSettings = {
				ASSETCATALOG_COMPILER_APPICON_NAME = AppIcon;
				CODE_SIGN_STYLE = Automatic;
				DEVELOPMENT_TEAM = AE9C5Y57T2;
				INFOPLIST_FILE = Cassini/Info.plist;
				LD_RUNPATH_SEARCH_PATHS = (
					"$(inherited)",
					"@executable_path/Frameworks",
				);
				PRODUCT_BUNDLE_IDENTIFIER = "Rongchang-Lei.Cassini";
				PRODUCT_NAME = "$(TARGET_NAME)";
				SWIFT_VERSION = 4.0;
				TARGETED_DEVICE_FAMILY = "1,2";
			};
			name = Debug;
		};
		A0D16D5021047D4D00159F71 /* Release */ = {
			isa = XCBuildConfiguration;
			buildSettings = {
				ASSETCATALOG_COMPILER_APPICON_NAME = AppIcon;
				CODE_SIGN_STYLE = Automatic;
				DEVELOPMENT_TEAM = AE9C5Y57T2;
				INFOPLIST_FILE = Cassini/Info.plist;
				LD_RUNPATH_SEARCH_PATHS = (
					"$(inherited)",
					"@executable_path/Frameworks",
				);
				PRODUCT_BUNDLE_IDENTIFIER = "Rongchang-Lei.Cassini";
				PRODUCT_NAME = "$(TARGET_NAME)";
				SWIFT_VERSION = 4.0;
				TARGETED_DEVICE_FAMILY = "1,2";
			};
			name = Release;
		};
/* End XCBuildConfiguration section */

/* Begin XCConfigurationList section */
		A0D16D3721047D4C00159F71 /* Build configuration list for PBXProject "Cassini" */ = {
			isa = XCConfigurationList;
			buildConfigurations = (
				A0D16D4C21047D4D00159F71 /* Debug */,
				A0D16D4D21047D4D00159F71 /* Release */,
			);
			defaultConfigurationIsVisible = 0;
			defaultConfigurationName = Release;
		};
		A0D16D4E21047D4D00159F71 /* Build configuration list for PBXNativeTarget "Cassini" */ = {
			isa = XCConfigurationList;
			buildConfigurations = (
				A0D16D4F21047D4D00159F71 /* Debug */,
				A0D16D5021047D4D00159F71 /* Release */,
			);
			defaultConfigurationIsVisible = 0;
			defaultConfigurationName = Release;
		};
/* End XCConfigurationList section */
	};
	rootObject = A0D16D3421047D4C00159F71 /* Project object */;
}
